{
  "name": "pages",
  "version": "1.0.0",
  "lockfileVersion": 1,
  "requires": true,
  "dependencies": {
    "cos-wx-sdk-v5": {
      "version": "0.7.7",
      "resolved": "https://registry.npmjs.org/cos-wx-sdk-v5/-/cos-wx-sdk-v5-0.7.7.tgz",
      "integrity": "sha512-X1L/HuMjKTMXn0nSPEjjtgVTdAHaIIw2yylPz9Ri7hY3JdD2cRFpOp8sMuw7jAfiaMEYVM1NqdP64ij9UUAiDQ==",
      "requires": {
        "xmldom": "^0.1.27"
      }
    },
    "tim-wx-sdk": {
      "version": "2.0.3",
      "resolved": "https://registry.npmjs.org/tim-wx-sdk/-/tim-wx-sdk-2.0.3.tgz",
      "integrity": "sha512-JN9IkwKHLZzsPevk3gtTdjW8nQJAMHZDVRu+4+7c4S+Nx4tUvSwuGsYL/k4FJnXsRlYBpdGAHptnIbG/zVcUBg=="
    },
    "xmldom": {
      "version": "0.1.27",
      "resolved": "https://registry.npmjs.org/xmldom/-/xmldom-0.1.27.tgz",
      "integrity": "sha1-1QH5ezvbQDr4757MIFcxh6rawOk="
    }
  }
}
